{
  "name": "curso",
  "lockfileVersion": 3,
  "requires": true,
  "packages": {
    "": {
      "dependencies": {
        "pokedex.js": "^4.3.0"
      }
    },
    "node_modules/pokedex.js": {
      "version": "4.3.0",
      "resolved": "https://registry.npmjs.org/pokedex.js/-/pokedex.js-4.3.0.tgz",
      "integrity": "sha512-5I2h3pIoQYVlv2sQGHUex5yBaq8N4y6blBPeNL7LGdQG/scOyMxThPv3VFVDEItldULJthN/s1aFQEBaNZOW5Q==",
      "license": "MIT"
    }
  }
}
